
Microsoft Visual Studio Solution File, Format Version 12.00
Project("{FAE04EC0-301F-11D3-BF4B-00C04F79EFBC}") = "EventMaster.Presentation", "EventMaster.Presentation\EventMaster.Presentation.csproj", "{958CE20E-7826-44D9-A8F8-191DBBF26001}"
EndProject
Project("{FAE04EC0-301F-11D3-BF4B-00C04F79EFBC}") = "EventMaster.DAL", "EventMaster.DAL\EventMaster.DAL.csproj", "{05608337-B7B9-4CB0-B4AF-21336842C617}"
EndProject
Project("{FAE04EC0-301F-11D3-BF4B-00C04F79EFBC}") = "EventMaster.Domain", "EventMaster.Domain\EventMaster.Domain.csproj", "{FB779F96-01C9-44D3-8355-8A407FF35990}"
EndProject
Project("{FAE04EC0-301F-11D3-BF4B-00C04F79EFBC}") = "EventMaster.BLL", "EventMaster.BLL\EventMaster.BLL.csproj", "{D0A1D242-6D15-4EAF-9C54-47DB17DB785E}"
EndProject
Project("{FAE04EC0-301F-11D3-BF4B-00C04F79EFBC}") = "EventMaster.Tests", "EventMaster.Tests\EventMaster.Tests.csproj", "{44B06114-9164-45BE-8D07-EEAFF0E890F0}"
EndProject
Global
	GlobalSection(SolutionConfigurationPlatforms) = preSolution
		Debug|Any CPU = Debug|Any CPU
		Release|Any CPU = Release|Any CPU
	EndGlobalSection
	GlobalSection(ProjectConfigurationPlatforms) = postSolution
		{958CE20E-7826-44D9-A8F8-191DBBF26001}.Debug|Any CPU.ActiveCfg = Debug|Any CPU
		{958CE20E-7826-44D9-A8F8-191DBBF26001}.Debug|Any CPU.Build.0 = Debug|Any CPU
		{958CE20E-7826-44D9-A8F8-191DBBF26001}.Release|Any CPU.ActiveCfg = Release|Any CPU
		{958CE20E-7826-44D9-A8F8-191DBBF26001}.Release|Any CPU.Build.0 = Release|Any CPU
		{05608337-B7B9-4CB0-B4AF-21336842C617}.Debug|Any CPU.ActiveCfg = Debug|Any CPU
		{05608337-B7B9-4CB0-B4AF-21336842C617}.Debug|Any CPU.Build.0 = Debug|Any CPU
		{05608337-B7B9-4CB0-B4AF-21336842C617}.Release|Any CPU.ActiveCfg = Release|Any CPU
		{05608337-B7B9-4CB0-B4AF-21336842C617}.Release|Any CPU.Build.0 = Release|Any CPU
		{FB779F96-01C9-44D3-8355-8A407FF35990}.Debug|Any CPU.ActiveCfg = Debug|Any CPU
		{FB779F96-01C9-44D3-8355-8A407FF35990}.Debug|Any CPU.Build.0 = Debug|Any CPU
		{FB779F96-01C9-44D3-8355-8A407FF35990}.Release|Any CPU.ActiveCfg = Release|Any CPU
		{FB779F96-01C9-44D3-8355-8A407FF35990}.Release|Any CPU.Build.0 = Release|Any CPU
		{D0A1D242-6D15-4EAF-9C54-47DB17DB785E}.Debug|Any CPU.ActiveCfg = Debug|Any CPU
		{D0A1D242-6D15-4EAF-9C54-47DB17DB785E}.Debug|Any CPU.Build.0 = Debug|Any CPU
		{D0A1D242-6D15-4EAF-9C54-47DB17DB785E}.Release|Any CPU.ActiveCfg = Release|Any CPU
		{D0A1D242-6D15-4EAF-9C54-47DB17DB785E}.Release|Any CPU.Build.0 = Release|Any CPU
		{44B06114-9164-45BE-8D07-EEAFF0E890F0}.Debug|Any CPU.ActiveCfg = Debug|Any CPU
		{44B06114-9164-45BE-8D07-EEAFF0E890F0}.Debug|Any CPU.Build.0 = Debug|Any CPU
		{44B06114-9164-45BE-8D07-EEAFF0E890F0}.Release|Any CPU.ActiveCfg = Release|Any CPU
		{44B06114-9164-45BE-8D07-EEAFF0E890F0}.Release|Any CPU.Build.0 = Release|Any CPU
	EndGlobalSection
EndGlobal
